Microsoft Visual Studio Solution File, Format Version 12.00
# Visual Studio Version 17
VisualStudioVersion = 17.5.2.0
MinimumVisualStudioVersion = 10.0.40219.1
Project("{FAE04EC0-301F-11D3-BF4B-00C04F79EFBC}") = "simple-netcore-chatbot", "simple-netcore-chatbot.csproj", "{20F51B54-B9CD-C891-1387-DC67B99D1158}"
EndProject
Global
	GlobalSection(SolutionConfigurationPlatforms) = preSolution
		Debug|Any CPU = Debug|Any CPU
		Release|Any CPU = Release|Any CPU
	EndGlobalSection
	GlobalSection(ProjectConfigurationPlatforms) = postSolution
		{20F51B54-B9CD-C891-1387-DC67B99D1158}.Debug|Any CPU.ActiveCfg = Debug|Any CPU
		{20F51B54-B9CD-C891-1387-DC67B99D1158}.Debug|Any CPU.Build.0 = Debug|Any CPU
		{20F51B54-B9CD-C891-1387-DC67B99D1158}.Release|Any CPU.ActiveCfg = Release|Any CPU
		{20F51B54-B9CD-C891-1387-DC67B99D1158}.Release|Any CPU.Build.0 = Release|Any CPU
	EndGlobalSection
	GlobalSection(SolutionProperties) = preSolution
		HideSolutionNode = FALSE
	EndGlobalSection
	GlobalSection(ExtensibilityGlobals) = postSolution
		SolutionGuid = {0196BE0E-8954-4410-AC73-0302C0B746E7}
	EndGlobalSection
EndGlobal
